
Microsoft Visual Studio Solution File, Format Version 12.00
# Visual Studio Version 16
VisualStudioVersion = 16.0.30413.136
MinimumVisualStudioVersion = 10.0.40219.1
Project("{FAE04EC0-301F-11D3-BF4B-00C04F79EFBC}") = "Sweepstakes", "Sweepstakes\Sweepstakes.csproj", "{73AF4B91-4764-4B8B-B864-3C13C8AD0206}"
EndProject
Global
	GlobalSection(SolutionConfigurationPlatforms) = preSolution
		Debug|Any CPU = Debug|Any CPU
		Release|Any CPU = Release|Any CPU
	EndGlobalSection
	GlobalSection(ProjectConfigurationPlatforms) = postSolution
		{73AF4B91-4764-4B8B-B864-3C13C8AD0206}.Debug|Any CPU.ActiveCfg = Debug|Any CPU
		{73AF4B91-4764-4B8B-B864-3C13C8AD0206}.Debug|Any CPU.Build.0 = Debug|Any CPU
		{73AF4B91-4764-4B8B-B864-3C13C8AD0206}.Release|Any CPU.ActiveCfg = Release|Any CPU
		{73AF4B91-4764-4B8B-B864-3C13C8AD0206}.Release|Any CPU.Build.0 = Release|Any CPU
	EndGlobalSection
	GlobalSection(SolutionProperties) = preSolution
		HideSolutionNode = FALSE
	EndGlobalSection
	GlobalSection(ExtensibilityGlobals) = postSolution
		SolutionGuid = {EA48F4EB-2E49-499F-B1C2-0F64CB34B7AD}
	EndGlobalSection
EndGlobal
